github.com/davecgh/go-spew v1.1.1 h1:vj9j/u1bqnvCEfJOwUhtlOARqs3+rkHYY13jYWTU97c=
github.com/davecgh/go-spew v1.1.1/go.mod h1:J7Y8YcW2NihsgmVo/mv3lAwl/skON4iLHjSsI+c5H38=
github.com/josharian/intern v1.0.0 h1:vlS4z54oSdjm0bgjRigI+G1HpF+tI+9rE5LLzOg8HmY=
github.com/josharian/intern v1.0.0/go.mod h1:5DoeVV0s6jJacbCEi61lwdGj/aVlrQvzHFFd8Hwg//Y=
github.com/kr/pretty v0.3.1 h1:flRD4NNwYAUpkphVc1HcthR4KEIFJ65n8Mw5qdRn3LE=
github.com/kr/pretty v0.3.1/go.mod h1:hoEshYVHaxMs3cyo3Yncou5ZscifuDolrwPKZanG3xk=
github.com/kr/text v0.2.0 h1:5Nx0Ya0ZqY2ygV366QzturHI13Jq95ApcVaJBhpS+AY=
github.com/kr/text v0.2.0/go.mod h1:eLer722TekiGuMkidMxC/pM04lWEeraHUUmBw8l2grE=
github.com/leanovate/gopter v0.2.9 h1:fQjYxZaynp97ozCzfOyOuAGOU4aU/z37zf/tOujFk7c=
github.com/leanovate/gopter v0.2.9/go.mod h1:U2L/78B+KVFIx2VmW6onHJQzXtFb+p5y3y2Sh+Jxxv8=
github.com/mailru/easyjson v0.7.7 h1:UGYAvKxe3sBsEDzO8ZeWOSlIQfWFlxbzLZe7hwFURr0=
github.com/mailru/easyjson v0.7.7/go.mod h1:xzfreul335JAWq5oZzymOObrkdz5UnU4kGfJJLY9Nlc=
github.com/pmezard/go-difflib v1.0.0 h1:4DBwDE0NGyQoBHbLQYPwSUPoCMWR5BEzIk/f1lZbAQM=
github.com/pmezard/go-difflib v1.0.0/go.mod h1:iKH77koFhYxTK1pcRnkKkqfTogsbg7gZNVY4sRDYZ/4=
github.com/prateek/knn-go v0.0.0-20230702054610-34af58ae68b1 h1:elBqSrBvzr//v1CpxqWzsi73WDDfQ+dW1LhsU+ekpko=
github.com/prateek/knn-go v0.0.0-20230702054610-34af58ae68b1/go.mod h1:wCWuB8wVcixVupO5zTivSUmRZE2sW/zNAPei/71x3ng=
github.com/rogpeppe/go-internal v1.12.0 h1:exVL4IDcn6na9z1rAb56Vxr+CgyK3nn3O+epU5NdKM8=
github.com/rogpeppe/go-internal v1.12.0/go.mod h1:E+RYuTGaKKdloAfM02xzb0FW3Paa99yedzYV+kq4uf4=
github.com/stretchr/testify v1.8.4 h1:CcVxjf3Q8PM0mHUKJCdn+eZZtm5yQwehR5yeSVQQcUk=
github.com/stretchr/testify v1.8.4/go.mod h1:sz/lmYIOXD/1dqDmKjjqLyZ2RngseejIcXlSw2iwfAo=
go.osspkg.com/algorithms v1.3.1 h1:Weh0Z4dMzHFRJTfMva/mU6Uk95wSRGwt1Saj2sfz3Wc=
go.osspkg.com/algorithms v1.3.1/go.mod h1:kj+oVK7UDQlXMKleMTYzbEEpUAXC2tzRBtki7F5EbXc=
go.osspkg.com/goppy v0.18.3 h1:Gsqh8jdnYr0mBxmSreFNDUXIuhFbArMW6/QghUN4vUY=
go.osspkg.com/goppy v0.18.3/go.mod h1:YXFcN7HccvTtPOtkmvLfmkPz+tu61E3h8D+HexIvboo=
go.osspkg.com/goppy/app v0.3.7 h1:72i9p7wzwS3+OdLUZnkGkwUrJni0kXdOkUef6940PUo=
go.osspkg.com/goppy/app v0.3.7/go.mod h1:P2pn8BIhbwsvwCXJjKW50KMqM1VCN6LAV647wstyybs=
go.osspkg.com/goppy/config v0.0.3 h1:HA5ZNEUQbmOaxshIVg7wvcxziPIkKxQpm1HAv4Ay0O4=
go.osspkg.com/goppy/config v0.0.3/go.mod h1:mOu8H96L8VFgWwRhtEr5oSo6c7ggT2Dw4DIuSPIMBHk=
go.osspkg.com/goppy/console v0.3.2 h1:ifgdXbpk21QX0VJb1yRXDhb/CtaUQ2fdBQZ/QVmzOzg=
go.osspkg.com/goppy/console v0.3.2/go.mod h1:9/bBCgne9b/tpDS/PcxF2QLcKzQv1/cjHyMQ+GfbgUA=
go.osspkg.com/goppy/env v0.3.1 h1:HoLBI/io2O/3IaNyvsLn4DK1viwjxkRfeQEgrPnHjzY=
go.osspkg.com/goppy/env v0.3.1/go.mod h1:7r+0+1h2mFfat5vaWHPu4+Zl9vq6+raz59ScmqLe4zI=
go.osspkg.com/goppy/errors v0.3.1 h1:Mc6AQW1P+dWLN08CvKu/PO1rRK8IcX2kRtOpf0ye+1Q=
go.osspkg.com/goppy/errors v0.3.1/go.mod h1:rbBTNHK0wpGi3FgJ4M27n7LOvB3Aw6kKc0Q4np16wh0=
go.osspkg.com/goppy/iosync v0.3.0 h1:eClduMtjVZUPpNYzHm7EClCa3y58lB/FlIRtHgyU9YE=
go.osspkg.com/goppy/iosync v0.3.0/go.mod h1:Ocol//DRF4n0m40jFmYBxnjHtFjeyeO0RcY/pwOCtsg=
go.osspkg.com/goppy/ioutil v0.3.1 h1:S+CFm0w8sQMR4DGn6zW2TO8QLgAcw40XyqmlWeifiJI=
go.osspkg.com/goppy/ioutil v0.3.1/go.mod h1:W6pF09du195glpcsd6P7hZDSK52UMd1N693boK2GWds=
go.osspkg.com/goppy/plugins v0.3.1 h1:mxjcgs24BvCii19aKYCXVz+EpmW2qjT4JX6bsc8RgJk=
go.osspkg.com/goppy/plugins v0.3.1/go.mod h1:WTSeS/6B2K1FAciQBqHgE0u0t8BD94ehD+HK1hV/IrA=
go.osspkg.com/goppy/syscall v0.3.0 h1:2PcpkqC1ol14HTOC+XyG+3lsuQ9pnG9ueE4xFywoSdE=
go.osspkg.com/goppy/syscall v0.3.0/go.mod h1:Vz1BCzM8MmyC/26SjiVh6OGcAkky1y4xalSWbVceiL4=
go.osspkg.com/goppy/web v0.3.4 h1:TG/JHXL5HqI1trc8Ba3NAQzIA52LYMHq9mBfi9p9A+I=
go.osspkg.com/goppy/web v0.3.4/go.mod h1:at6SZ8Se/9i4LiYpyyQfH6jNrXXdgDzOljAWtUjTY0Y=
go.osspkg.com/goppy/xc v0.3.1 h1:NQeam1jKoMn0Jk0QyeJb4zRTmCkXf3zr6wF/2FQ+WAg=
go.osspkg.com/goppy/xc v0.3.1/go.mod h1:Diqc/s597erdipSXBHSg5RZsFizleLrqxBCSwGeuktQ=
go.osspkg.com/goppy/xlog v0.3.3 h1:aZB50f31xHtaMtIrrwDUajiBH/NBPlf8UmeDm72BMi0=
go.osspkg.com/goppy/xlog v0.3.3/go.mod h1:YnsETZ6KaMKy8UA4u03rwRcsdJFMy1Jygsv5DYHHnLU=
go.osspkg.com/goppy/xnet v0.3.1 h1:VVSZk48T4WZITJXJwr5P9Oq51crF8HWu9R+HX6w0QhI=
go.osspkg.com/goppy/xnet v0.3.1/go.mod h1:Mu9WxGGzaM6SywAMd7JWEqwPqmiJb1V9xWo++a0pZYo=
go.osspkg.com/goppy/xtest v0.3.0 h1:QV0159LiYXKALfsOwhCG+zUuy5jnIFeopYs00PSRa2g=
go.osspkg.com/goppy/xtest v0.3.0/go.mod h1:Y+i79Ug1SvTXNMWzhFeWUYq1u1ITf94RFadNIW/aQS4=
go.osspkg.com/static v1.4.0 h1:2uy4/11c0QP+QLMucKQZbAU+e6lhVHKw5dWJPTk/DBg=
go.osspkg.com/static v1.4.0/go.mod h1:94YydVU3qUtb1J534486lpm+qg6CviQjqtxKlkpSppM=
gopkg.in/check.v1 v0.0.0-20161208181325-20d25e280405/go.mod h1:Co6ibVJAznAaIkqp8huTwlJQCZ016jof/cbN4VW5Yz0=
gopkg.in/check.v1 v1.0.0-20201130134442-10cb98267c6c h1:Hei/4ADfdWqJk1ZMxUNpqntNwaWcugrBjAiHlqqRiVk=
gopkg.in/check.v1 v1.0.0-20201130134442-10cb98267c6c/go.mod h1:JHkPIbrfpd72SG/EVd6muEfDQjcINNoR0C8j2r3qZ4Q=
gopkg.in/yaml.v3 v3.0.1 h1:fxVm/GzAzEWqLHuvctI91KS9hhNmmWOoWu0XTYJS7CA=
gopkg.in/yaml.v3 v3.0.1/go.mod h1:K4uyk7z7BCEPqu6E+C64Yfv1cQ7kz7rIZviUmN+EgEM=
pgregory.net/rapid v1.0.0 h1:iQaM2w5PZ6xvt6x7hbd7tiDS+nk7YPp5uCaEba+T/F4=
pgregory.net/rapid v1.0.0/go.mod h1:PY5XlDGj0+V1FCq0o192FdRhpKHGTRIWBgqjDBTrq04=
